{
  "name": "nprg036-pcshop",
  "lockfileVersion": 3,
  "requires": true,
  "packages": {
    "": {
      "dependencies": {
        "@frogcat/ttl2jsonld": "^0.0.9"
      }
    },
    "node_modules/@frogcat/ttl2jsonld": {
      "version": "0.0.9",
      "resolved": "https://registry.npmjs.org/@frogcat/ttl2jsonld/-/ttl2jsonld-0.0.9.tgz",
      "integrity": "sha512-oT3Abc9sEnwcCx9cTgRCTbz+Y/9fvbqfW22A5V4ChoQ8/P++2eAvlWgUghFoNm2V9U3/CCDSP9HTGJ51D+n1Uw==",
      "license": "MIT",
      "bin": {
        "ttl2jsonld": "bin/cli.js"
      }
    }
  }
}
